
Microsoft Visual Studio Solution File, Format Version 12.00
# Visual Studio Version 16
VisualStudioVersion = 16.0.31424.327
MinimumVisualStudioVersion = 10.0.40219.1
Project("{FAE04EC0-301F-11D3-BF4B-00C04F79EFBC}") = "FeeManagement", "FeeManagement\FeeManagement.csproj", "{EE6B2840-F09E-4A7D-9F87-32DC2E0796CA}"
EndProject
Global
	GlobalSection(SolutionConfigurationPlatforms) = preSolution
		Debug|Any CPU = Debug|Any CPU
		Release|Any CPU = Release|Any CPU
	EndGlobalSection
	GlobalSection(ProjectConfigurationPlatforms) = postSolution
		{EE6B2840-F09E-4A7D-9F87-32DC2E0796CA}.Debug|Any CPU.ActiveCfg = Debug|Any CPU
		{EE6B2840-F09E-4A7D-9F87-32DC2E0796CA}.Debug|Any CPU.Build.0 = Debug|Any CPU
		{EE6B2840-F09E-4A7D-9F87-32DC2E0796CA}.Release|Any CPU.ActiveCfg = Release|Any CPU
		{EE6B2840-F09E-4A7D-9F87-32DC2E0796CA}.Release|Any CPU.Build.0 = Release|Any CPU
	EndGlobalSection
	GlobalSection(SolutionProperties) = preSolution
		HideSolutionNode = FALSE
	EndGlobalSection
	GlobalSection(ExtensibilityGlobals) = postSolution
		SolutionGuid = {171625A7-7074-4134-AF03-11D3433D3168}
	EndGlobalSection
EndGlobal
